
Microsoft Visual Studio Solution File, Format Version 12.00
# Visual Studio Version 16
VisualStudioVersion = 16.0.30621.155
MinimumVisualStudioVersion = 10.0.40219.1
Project("{888888A0-9F3D-457C-B088-3A5042F75D52}") = "rock", "rock\rock.pyproj", "{73497298-4D02-4DA0-BC29-B073EF3DE7D7}"
EndProject
Global
	GlobalSection(SolutionConfigurationPlatforms) = preSolution
		Debug|Any CPU = Debug|Any CPU
		Release|Any CPU = Release|Any CPU
	EndGlobalSection
	GlobalSection(ProjectConfigurationPlatforms) = postSolution
		{73497298-4D02-4DA0-BC29-B073EF3DE7D7}.Debug|Any CPU.ActiveCfg = Debug|Any CPU
		{73497298-4D02-4DA0-BC29-B073EF3DE7D7}.Release|Any CPU.ActiveCfg = Release|Any CPU
	EndGlobalSection
	GlobalSection(SolutionProperties) = preSolution
		HideSolutionNode = FALSE
	EndGlobalSection
	GlobalSection(ExtensibilityGlobals) = postSolution
		SolutionGuid = {D719D681-C8ED-4BF3-BD9D-D2BD86C7B54E}
	EndGlobalSection
EndGlobal
