
Microsoft Visual Studio Solution File, Format Version 12.00
# Visual Studio Version 16
VisualStudioVersion = 16.0.30621.155
MinimumVisualStudioVersion = 10.0.40219.1
Project("{8BC9CEB8-8B4A-11D0-8D11-00A0C91BC942}") = "vezbe jd", "vezbe jd.vcxproj", "{842B3EE4-581B-4A12-B5A6-AA26D0A5798E}"
EndProject
Global
	GlobalSection(SolutionConfigurationPlatforms) = preSolution
		Debug|x64 = Debug|x64
		Debug|x86 = Debug|x86
		Release|x64 = Release|x64
		Release|x86 = Release|x86
	EndGlobalSection
	GlobalSection(ProjectConfigurationPlatforms) = postSolution
		{842B3EE4-581B-4A12-B5A6-AA26D0A5798E}.Debug|x64.ActiveCfg = Debug|x64
		{842B3EE4-581B-4A12-B5A6-AA26D0A5798E}.Debug|x64.Build.0 = Debug|x64
		{842B3EE4-581B-4A12-B5A6-AA26D0A5798E}.Debug|x86.ActiveCfg = Debug|Win32
		{842B3EE4-581B-4A12-B5A6-AA26D0A5798E}.Debug|x86.Build.0 = Debug|Win32
		{842B3EE4-581B-4A12-B5A6-AA26D0A5798E}.Release|x64.ActiveCfg = Release|x64
		{842B3EE4-581B-4A12-B5A6-AA26D0A5798E}.Release|x64.Build.0 = Release|x64
		{842B3EE4-581B-4A12-B5A6-AA26D0A5798E}.Release|x86.ActiveCfg = Release|Win32
		{842B3EE4-581B-4A12-B5A6-AA26D0A5798E}.Release|x86.Build.0 = Release|Win32
	EndGlobalSection
	GlobalSection(SolutionProperties) = preSolution
		HideSolutionNode = FALSE
	EndGlobalSection
	GlobalSection(ExtensibilityGlobals) = postSolution
		SolutionGuid = {348A8F4E-D7A7-4C89-BB89-2296A1930456}
	EndGlobalSection
EndGlobal
