
Microsoft Visual Studio Solution File, Format Version 12.00
# Visual Studio Version 17
VisualStudioVersion = 17.1.32407.343
MinimumVisualStudioVersion = 10.0.40219.1
Project("{8BC9CEB8-8B4A-11D0-8D11-00A0C91BC942}") = "Izvedene_klase", "Izvedene_klase\Izvedene_klase.vcxproj", "{91F609FD-1417-4BA1-AFFC-89C4DDE6D897}"
EndProject
Global
	GlobalSection(SolutionConfigurationPlatforms) = preSolution
		Debug|x64 = Debug|x64
		Debug|x86 = Debug|x86
		Release|x64 = Release|x64
		Release|x86 = Release|x86
	EndGlobalSection
	GlobalSection(ProjectConfigurationPlatforms) = postSolution
		{91F609FD-1417-4BA1-AFFC-89C4DDE6D897}.Debug|x64.ActiveCfg = Debug|x64
		{91F609FD-1417-4BA1-AFFC-89C4DDE6D897}.Debug|x64.Build.0 = Debug|x64
		{91F609FD-1417-4BA1-AFFC-89C4DDE6D897}.Debug|x86.ActiveCfg = Debug|Win32
		{91F609FD-1417-4BA1-AFFC-89C4DDE6D897}.Debug|x86.Build.0 = Debug|Win32
		{91F609FD-1417-4BA1-AFFC-89C4DDE6D897}.Release|x64.ActiveCfg = Release|x64
		{91F609FD-1417-4BA1-AFFC-89C4DDE6D897}.Release|x64.Build.0 = Release|x64
		{91F609FD-1417-4BA1-AFFC-89C4DDE6D897}.Release|x86.ActiveCfg = Release|Win32
		{91F609FD-1417-4BA1-AFFC-89C4DDE6D897}.Release|x86.Build.0 = Release|Win32
	EndGlobalSection
	GlobalSection(SolutionProperties) = preSolution
		HideSolutionNode = FALSE
	EndGlobalSection
	GlobalSection(ExtensibilityGlobals) = postSolution
		SolutionGuid = {12E01343-1290-4117-AB36-1B6EBC85BD8A}
	EndGlobalSection
EndGlobal
