
Microsoft Visual Studio Solution File, Format Version 12.00
# Visual Studio Version 17
VisualStudioVersion = 17.1.32407.343
MinimumVisualStudioVersion = 10.0.40219.1
Project("{8BC9CEB8-8B4A-11D0-8D11-00A0C91BC942}") = "Izvedene_klase_2", "Izvedene_klase_2\Izvedene_klase_2.vcxproj", "{310B60BD-C9CD-448B-B0EF-F0C913235F75}"
EndProject
Global
	GlobalSection(SolutionConfigurationPlatforms) = preSolution
		Debug|x64 = Debug|x64
		Debug|x86 = Debug|x86
		Release|x64 = Release|x64
		Release|x86 = Release|x86
	EndGlobalSection
	GlobalSection(ProjectConfigurationPlatforms) = postSolution
		{310B60BD-C9CD-448B-B0EF-F0C913235F75}.Debug|x64.ActiveCfg = Debug|x64
		{310B60BD-C9CD-448B-B0EF-F0C913235F75}.Debug|x64.Build.0 = Debug|x64
		{310B60BD-C9CD-448B-B0EF-F0C913235F75}.Debug|x86.ActiveCfg = Debug|Win32
		{310B60BD-C9CD-448B-B0EF-F0C913235F75}.Debug|x86.Build.0 = Debug|Win32
		{310B60BD-C9CD-448B-B0EF-F0C913235F75}.Release|x64.ActiveCfg = Release|x64
		{310B60BD-C9CD-448B-B0EF-F0C913235F75}.Release|x64.Build.0 = Release|x64
		{310B60BD-C9CD-448B-B0EF-F0C913235F75}.Release|x86.ActiveCfg = Release|Win32
		{310B60BD-C9CD-448B-B0EF-F0C913235F75}.Release|x86.Build.0 = Release|Win32
	EndGlobalSection
	GlobalSection(SolutionProperties) = preSolution
		HideSolutionNode = FALSE
	EndGlobalSection
	GlobalSection(ExtensibilityGlobals) = postSolution
		SolutionGuid = {A4E1E23F-7417-488D-86FA-6A849BE8E035}
	EndGlobalSection
EndGlobal
