
Microsoft Visual Studio Solution File, Format Version 12.00
# Visual Studio Version 17
VisualStudioVersion = 17.3.32929.385
MinimumVisualStudioVersion = 10.0.40219.1
Project("{8BC9CEB8-8B4A-11D0-8D11-00A0C91BC942}") = "lab1_2022", "lab1_2022\lab1_2022.vcxproj", "{F56E685F-EAF7-4131-A3D3-C97A96564570}"
EndProject
Global
	GlobalSection(SolutionConfigurationPlatforms) = preSolution
		Debug|x64 = Debug|x64
		Debug|x86 = Debug|x86
		Release|x64 = Release|x64
		Release|x86 = Release|x86
	EndGlobalSection
	GlobalSection(ProjectConfigurationPlatforms) = postSolution
		{F56E685F-EAF7-4131-A3D3-C97A96564570}.Debug|x64.ActiveCfg = Debug|x64
		{F56E685F-EAF7-4131-A3D3-C97A96564570}.Debug|x64.Build.0 = Debug|x64
		{F56E685F-EAF7-4131-A3D3-C97A96564570}.Debug|x86.ActiveCfg = Debug|Win32
		{F56E685F-EAF7-4131-A3D3-C97A96564570}.Debug|x86.Build.0 = Debug|Win32
		{F56E685F-EAF7-4131-A3D3-C97A96564570}.Release|x64.ActiveCfg = Release|x64
		{F56E685F-EAF7-4131-A3D3-C97A96564570}.Release|x64.Build.0 = Release|x64
		{F56E685F-EAF7-4131-A3D3-C97A96564570}.Release|x86.ActiveCfg = Release|Win32
		{F56E685F-EAF7-4131-A3D3-C97A96564570}.Release|x86.Build.0 = Release|Win32
	EndGlobalSection
	GlobalSection(SolutionProperties) = preSolution
		HideSolutionNode = FALSE
	EndGlobalSection
	GlobalSection(ExtensibilityGlobals) = postSolution
		SolutionGuid = {3223C5B3-83CF-4836-A08F-A1B7F24A38E6}
	EndGlobalSection
EndGlobal
