
Microsoft Visual Studio Solution File, Format Version 12.00
# Visual Studio Version 16
VisualStudioVersion = 16.0.30621.155
MinimumVisualStudioVersion = 10.0.40219.1
Project("{8BC9CEB8-8B4A-11D0-8D11-00A0C91BC942}") = "ppp2", "ppp2.vcxproj", "{509EEAAC-EE81-4B86-AA2D-EE1D0659CF34}"
EndProject
Global
	GlobalSection(SolutionConfigurationPlatforms) = preSolution
		Debug|x64 = Debug|x64
		Debug|x86 = Debug|x86
		Release|x64 = Release|x64
		Release|x86 = Release|x86
	EndGlobalSection
	GlobalSection(ProjectConfigurationPlatforms) = postSolution
		{509EEAAC-EE81-4B86-AA2D-EE1D0659CF34}.Debug|x64.ActiveCfg = Debug|x64
		{509EEAAC-EE81-4B86-AA2D-EE1D0659CF34}.Debug|x64.Build.0 = Debug|x64
		{509EEAAC-EE81-4B86-AA2D-EE1D0659CF34}.Debug|x86.ActiveCfg = Debug|Win32
		{509EEAAC-EE81-4B86-AA2D-EE1D0659CF34}.Debug|x86.Build.0 = Debug|Win32
		{509EEAAC-EE81-4B86-AA2D-EE1D0659CF34}.Release|x64.ActiveCfg = Release|x64
		{509EEAAC-EE81-4B86-AA2D-EE1D0659CF34}.Release|x64.Build.0 = Release|x64
		{509EEAAC-EE81-4B86-AA2D-EE1D0659CF34}.Release|x86.ActiveCfg = Release|Win32
		{509EEAAC-EE81-4B86-AA2D-EE1D0659CF34}.Release|x86.Build.0 = Release|Win32
	EndGlobalSection
	GlobalSection(SolutionProperties) = preSolution
		HideSolutionNode = FALSE
	EndGlobalSection
	GlobalSection(ExtensibilityGlobals) = postSolution
		SolutionGuid = {942BA6B4-20BA-4EAD-A6C9-BE42A4416210}
	EndGlobalSection
EndGlobal
